
Microsoft Visual Studio Solution File, Format Version 12.00
# Visual Studio Version 16
VisualStudioVersion = 16.0.30523.141
MinimumVisualStudioVersion = 15.0.26124.0
Project("{9A19103F-16F7-4668-BE54-9A1E7A4F7556}") = "Middleware", "Middleware\Middleware.csproj", "{95094E63-FB70-4691-9721-D1B52AFF052E}"
EndProject
Project("{9A19103F-16F7-4668-BE54-9A1E7A4F7556}") = "Entity", "Entity\Entity.csproj", "{0E47FDEE-FEBB-43BA-9396-26990C407157}"
EndProject
Project("{9A19103F-16F7-4668-BE54-9A1E7A4F7556}") = "DataLayer", "DataLayer\DataLayer.csproj", "{9F595115-80F4-47F3-84A8-9DFC651D7E2F}"
EndProject
Project("{9A19103F-16F7-4668-BE54-9A1E7A4F7556}") = "Services", "Services\Services.csproj", "{A8992E90-1FD6-40B6-8554-3D1C7A5C5CE2}"
EndProject
Project("{9A19103F-16F7-4668-BE54-9A1E7A4F7556}") = "Attributes", "Attributes\Attributes.csproj", "{0E18E915-AB63-4A81-94A1-742C4676FE15}"
EndProject
Project("{FAE04EC0-301F-11D3-BF4B-00C04F79EFBC}") = "PackageViewModels", "PackageViewModels\PackageViewModels.csproj", "{796B647C-CD59-4F05-8CB5-47ACC6FFB379}"
EndProject
Global
	GlobalSection(SolutionConfigurationPlatforms) = preSolution
		Debug|Any CPU = Debug|Any CPU
		Release|Any CPU = Release|Any CPU
	EndGlobalSection
	GlobalSection(ProjectConfigurationPlatforms) = postSolution
		{95094E63-FB70-4691-9721-D1B52AFF052E}.Debug|Any CPU.ActiveCfg = Debug|Any CPU
		{95094E63-FB70-4691-9721-D1B52AFF052E}.Debug|Any CPU.Build.0 = Debug|Any CPU
		{95094E63-FB70-4691-9721-D1B52AFF052E}.Release|Any CPU.ActiveCfg = Release|Any CPU
		{95094E63-FB70-4691-9721-D1B52AFF052E}.Release|Any CPU.Build.0 = Release|Any CPU
		{0E47FDEE-FEBB-43BA-9396-26990C407157}.Debug|Any CPU.ActiveCfg = Debug|Any CPU
		{0E47FDEE-FEBB-43BA-9396-26990C407157}.Debug|Any CPU.Build.0 = Debug|Any CPU
		{0E47FDEE-FEBB-43BA-9396-26990C407157}.Release|Any CPU.ActiveCfg = Release|Any CPU
		{0E47FDEE-FEBB-43BA-9396-26990C407157}.Release|Any CPU.Build.0 = Release|Any CPU
		{9F595115-80F4-47F3-84A8-9DFC651D7E2F}.Debug|Any CPU.ActiveCfg = Debug|Any CPU
		{9F595115-80F4-47F3-84A8-9DFC651D7E2F}.Debug|Any CPU.Build.0 = Debug|Any CPU
		{9F595115-80F4-47F3-84A8-9DFC651D7E2F}.Release|Any CPU.ActiveCfg = Release|Any CPU
		{9F595115-80F4-47F3-84A8-9DFC651D7E2F}.Release|Any CPU.Build.0 = Release|Any CPU
		{A8992E90-1FD6-40B6-8554-3D1C7A5C5CE2}.Debug|Any CPU.ActiveCfg = Debug|Any CPU
		{A8992E90-1FD6-40B6-8554-3D1C7A5C5CE2}.Debug|Any CPU.Build.0 = Debug|Any CPU
		{A8992E90-1FD6-40B6-8554-3D1C7A5C5CE2}.Release|Any CPU.ActiveCfg = Release|Any CPU
		{A8992E90-1FD6-40B6-8554-3D1C7A5C5CE2}.Release|Any CPU.Build.0 = Release|Any CPU
		{0E18E915-AB63-4A81-94A1-742C4676FE15}.Debug|Any CPU.ActiveCfg = Debug|Any CPU
		{0E18E915-AB63-4A81-94A1-742C4676FE15}.Debug|Any CPU.Build.0 = Debug|Any CPU
		{0E18E915-AB63-4A81-94A1-742C4676FE15}.Release|Any CPU.ActiveCfg = Release|Any CPU
		{0E18E915-AB63-4A81-94A1-742C4676FE15}.Release|Any CPU.Build.0 = Release|Any CPU
		{796B647C-CD59-4F05-8CB5-47ACC6FFB379}.Debug|Any CPU.ActiveCfg = Debug|Any CPU
		{796B647C-CD59-4F05-8CB5-47ACC6FFB379}.Debug|Any CPU.Build.0 = Debug|Any CPU
		{796B647C-CD59-4F05-8CB5-47ACC6FFB379}.Release|Any CPU.ActiveCfg = Release|Any CPU
		{796B647C-CD59-4F05-8CB5-47ACC6FFB379}.Release|Any CPU.Build.0 = Release|Any CPU
	EndGlobalSection
	GlobalSection(SolutionProperties) = preSolution
		HideSolutionNode = FALSE
	EndGlobalSection
	GlobalSection(ExtensibilityGlobals) = postSolution
		SolutionGuid = {CE2937CB-4FDA-4556-8B42-51628559216F}
	EndGlobalSection
EndGlobal
